<Project xmlns="http://schemas.microsoft.com/developer/msbuild/2003">
  <PropertyGroup>
    <ProjectGuid>{0b97565d-9890-4ae9-88de-dc9efc0e74b4}</ProjectGuid>
    <Configuration Condition=" '$(Configuration)' == '' ">Debug</Configuration>
    <Platform Condition=" '$(Platform)' == '' ">AnyCPU</Platform>
    <DCC_DCCCompiler>DCC32</DCC_DCCCompiler>
    <DCC_DependencyCheckOutputName>TestORM.exe</DCC_DependencyCheckOutputName>
    <MainSource>TestORM.dpr</MainSource>
  </PropertyGroup>
  <PropertyGroup Condition=" '$(Configuration)|$(Platform)' == 'Release|AnyCPU' ">
    <Version>7.0</Version>
    <DCC_DebugInformation>False</DCC_DebugInformation>
    <DCC_LocalDebugSymbols>False</DCC_LocalDebugSymbols>
    <DCC_SymbolReferenceInfo>0</DCC_SymbolReferenceInfo>
    <DCC_Define>RELEASE</DCC_Define>
  </PropertyGroup>
  <PropertyGroup Condition=" '$(Configuration)|$(Platform)' == 'Debug|AnyCPU' ">
    <Version>7.0</Version>
    <DCC_Define>DEBUG</DCC_Define>
  </PropertyGroup>
  <ProjectExtensions>
    <Borland.Personality>Delphi.Personality</Borland.Personality>
    <Borland.ProjectType />
    <BorlandProject>
<BorlandProject><Delphi.Personality><Parameters><Parameters Name="UseLauncher">False</Parameters><Parameters Name="LoadAllSymbols">True</Parameters><Parameters Name="LoadUnspecifiedSymbols">False</Parameters></Parameters><VersionInfo><VersionInfo Name="IncludeVerInfo">False</VersionInfo><VersionInfo Name="AutoIncBuild">False</VersionInfo><VersionInfo Name="MajorVer">1</VersionInfo><VersionInfo Name="MinorVer">0</VersionInfo><VersionInfo Name="Release">0</VersionInfo><VersionInfo Name="Build">0</VersionInfo><VersionInfo Name="Debug">False</VersionInfo><VersionInfo Name="PreRelease">False</VersionInfo><VersionInfo Name="Special">False</VersionInfo><VersionInfo Name="Private">False</VersionInfo><VersionInfo Name="DLL">False</VersionInfo><VersionInfo Name="Locale">3082</VersionInfo><VersionInfo Name="CodePage">1252</VersionInfo></VersionInfo><VersionInfoKeys><VersionInfoKeys Name="CompanyName"></VersionInfoKeys><VersionInfoKeys Name="FileDescription"></VersionInfoKeys><VersionInfoKeys Name="FileVersion">1.0.0.0</VersionInfoKeys><VersionInfoKeys Name="InternalName"></VersionInfoKeys><VersionInfoKeys Name="LegalCopyright"></VersionInfoKeys><VersionInfoKeys Name="LegalTrademarks"></VersionInfoKeys><VersionInfoKeys Name="OriginalFilename"></VersionInfoKeys><VersionInfoKeys Name="ProductName"></VersionInfoKeys><VersionInfoKeys Name="ProductVersion">1.0.0.0</VersionInfoKeys><VersionInfoKeys Name="Comments"></VersionInfoKeys></VersionInfoKeys><Excluded_Packages>
      
      
      
      
      
      
      <Excluded_Packages Name="C:\Documents and Settings\All Users\Documentos\RAD Studio\5.0\Bpl\MBRibbon_D.bpl">(untitled)</Excluded_Packages>
      <Excluded_Packages Name="C:\Documents and Settings\All Users\Documentos\RAD Studio\5.0\Bpl\mbTBXLibD10D.bpl">Toolbar2000 -- mbTBX Lib Pack v1.6</Excluded_Packages>
      <Excluded_Packages Name="C:\Componentes\NextComponents\Lib\Delphi 2006\NxSheetRun.bpl">File C:\Componentes\NextComponents\Lib\Delphi 2006\NxSheetRun.bpl not found</Excluded_Packages>
      <Excluded_Packages Name="C:\Documents and Settings\All Users\Documentos\RAD Studio\5.0\Bpl\dclshlctrls100.bpl">Shell Control Property and Component Editors</Excluded_Packages>
      <Excluded_Packages Name="$(BDS)\bin\dclofficexp100.bpl">Microsoft Office XP Sample Automation Server Wrapper Components</Excluded_Packages>
      <Excluded_Packages Name="$(BDS)\bin\dcloffice2k100.bpl">Microsoft Office 2000 Sample Automation Server Wrapper Components</Excluded_Packages>
    </Excluded_Packages><Source><Source Name="MainSource">TestORM.dpr</Source></Source></Delphi.Personality></BorlandProject></BorlandProject>
  </ProjectExtensions>
  <Import Project="$(MSBuildBinPath)\Borland.Delphi.Targets" />
  <ItemGroup>
    <DelphiCompile Include="TestORM.dpr">
      <MainSource>MainSource</MainSource>
    </DelphiCompile>
    <DCCReference Include="..\ClasesBase\Firebird\uComunGeneradores.pas" />
    <DCCReference Include="..\ClasesBase\Firebird\uFBSQLStatementManager.pas" />
    <DCCReference Include="..\ClasesBase\Firebird\uFuncionesGeneradores.pas" />
    <DCCReference Include="..\ClasesBase\Firebird\uGeneradorAgrupamientos.pas" />
    <DCCReference Include="..\ClasesBase\Firebird\uGeneradorCondiciones.pas" />
    <DCCReference Include="..\ClasesBase\Firebird\uGeneradorDelete.pas" />
    <DCCReference Include="..\ClasesBase\Firebird\uGeneradorInsert.pas" />
    <DCCReference Include="..\ClasesBase\Firebird\uGeneradorOrdenamiento.pas" />
    <DCCReference Include="..\ClasesBase\Firebird\uGeneradorRelaciones.pas" />
    <DCCReference Include="..\ClasesBase\Firebird\uGeneradorSelect.pas" />
    <DCCReference Include="..\ClasesBase\Firebird\uGeneradorUpdate.pas" />
    <DCCReference Include="..\ClasesBase\uCampos.pas" />
    <DCCReference Include="..\ClasesBase\uColeccionEntidades.pas" />
    <DCCReference Include="..\ClasesBase\uConexion.pas" />
    <DCCReference Include="..\ClasesBase\uEntidades.pas" />
    <DCCReference Include="..\ClasesBase\uEntidadSimple.pas" />
    <DCCReference Include="..\ClasesBase\uEntidadSimpleCombo.pas" />
    <DCCReference Include="..\ClasesBase\uExpresiones.pas" />
    <DCCReference Include="..\ClasesBase\uSQLBuilder.pas" />
    <DCCReference Include="uDataModule.pas" />
    <DCCReference Include="uMain.pas">
      <Form>FrmPrincipal</Form>
    </DCCReference>
    <DCCReference Include="uSQLConnectionGenerator.pas" />
    <DCCReference Include="uTestEntidades.pas" />
  </ItemGroup>
</Project>